
Microsoft Visual Studio Solution File, Format Version 12.00
# Visual Studio Version 17
VisualStudioVersion = 17.6.33815.320
MinimumVisualStudioVersion = 10.0.40219.1
Project("{FAE04EC0-301F-11D3-BF4B-00C04F79EFBC}") = "IOTSimulator", "IOTSimulator\IOTSimulator.csproj", "{1791B4BC-651D-4420-BB8D-95CD702CA4DC}"
EndProject
Global
	GlobalSection(SolutionConfigurationPlatforms) = preSolution
		Debug|Any CPU = Debug|Any CPU
		Release|Any CPU = Release|Any CPU
	EndGlobalSection
	GlobalSection(ProjectConfigurationPlatforms) = postSolution
		{1791B4BC-651D-4420-BB8D-95CD702CA4DC}.Debug|Any CPU.ActiveCfg = Debug|Any CPU
		{1791B4BC-651D-4420-BB8D-95CD702CA4DC}.Debug|Any CPU.Build.0 = Debug|Any CPU
		{1791B4BC-651D-4420-BB8D-95CD702CA4DC}.Release|Any CPU.ActiveCfg = Release|Any CPU
		{1791B4BC-651D-4420-BB8D-95CD702CA4DC}.Release|Any CPU.Build.0 = Release|Any CPU
	EndGlobalSection
	GlobalSection(SolutionProperties) = preSolution
		HideSolutionNode = FALSE
	EndGlobalSection
	GlobalSection(ExtensibilityGlobals) = postSolution
		SolutionGuid = {488F8EA9-7F9A-40DD-B18F-C83670F4B0CC}
	EndGlobalSection
EndGlobal
